
Microsoft Visual Studio Solution File, Format Version 12.00
# Visual Studio 15
VisualStudioVersion = 15.0.26403.0
MinimumVisualStudioVersion = 10.0.40219.1
Project("{FAE04EC0-301F-11D3-BF4B-00C04F79EFBC}") = "PW8", "PW8\PW8.csproj", "{39A8FCF0-E1DA-461C-8A64-FEB9EDE19502}"
	ProjectSection(ProjectDependencies) = postProject
		{CEC32913-E576-48D8-A7A5-E998ACD53C99} = {CEC32913-E576-48D8-A7A5-E998ACD53C99}
		{2E08BF53-88CF-4537-AE38-E15A8F4AD610} = {2E08BF53-88CF-4537-AE38-E15A8F4AD610}
		{BCA90365-4041-4D50-A890-2E94D9C6A617} = {BCA90365-4041-4D50-A890-2E94D9C6A617}
		{863158AA-35BD-49CD-AF39-9C2A42DD776E} = {863158AA-35BD-49CD-AF39-9C2A42DD776E}
		{B96472D4-F3CB-4E84-9EA9-25FA88996273} = {B96472D4-F3CB-4E84-9EA9-25FA88996273}
	EndProjectSection
EndProject
Project("{FAE04EC0-301F-11D3-BF4B-00C04F79EFBC}") = "PW.Core", "PW.Core\PW.Core.csproj", "{A9B32763-CC24-4739-A866-760B641B55CB}"
EndProject
Project("{2150E333-8FDC-42A3-9474-1A3956D46DE8}") = "Extern", "Extern", "{49A006E4-C202-4B35-B9B3-53235E1E0736}"
EndProject
Project("{FAE04EC0-301F-11D3-BF4B-00C04F79EFBC}") = "QuickConnect", "Extern\QuickConnect\QuickConnect.csproj", "{863158AA-35BD-49CD-AF39-9C2A42DD776E}"
EndProject
Project("{FAE04EC0-301F-11D3-BF4B-00C04F79EFBC}") = "PW.Core.Tests", "PW.Core.Tests\PW.Core.Tests.csproj", "{74F14693-A8AD-4360-A678-007F9CDAC122}"
EndProject
Project("{FAE04EC0-301F-11D3-BF4B-00C04F79EFBC}") = "PW.Wpf", "PW.Wpf\PW.Wpf.csproj", "{DFBB4C4D-6B32-41BD-BCC5-BD4F2A4F8A5A}"
EndProject
Project("{FAE04EC0-301F-11D3-BF4B-00C04F79EFBC}") = "GamePadRC", "Extern\GamePadRC\GamePadRC.csproj", "{2E08BF53-88CF-4537-AE38-E15A8F4AD610}"
EndProject
Project("{FAE04EC0-301F-11D3-BF4B-00C04F79EFBC}") = "Guid", "Extern\Guid\Guid.csproj", "{DC51B6E2-66EC-44E8-8F9E-D4D4D8AC5DAA}"
EndProject
Project("{FAE04EC0-301F-11D3-BF4B-00C04F79EFBC}") = "Calc", "Extern\Calc\Calc.csproj", "{BCA90365-4041-4D50-A890-2E94D9C6A617}"
EndProject
Project("{FAE04EC0-301F-11D3-BF4B-00C04F79EFBC}") = "Cred", "Extern\Cred\Cred.csproj", "{B96472D4-F3CB-4E84-9EA9-25FA88996273}"
EndProject
Project("{FAE04EC0-301F-11D3-BF4B-00C04F79EFBC}") = "Lua", "Extern\Lua\Lua.csproj", "{CEC32913-E576-48D8-A7A5-E998ACD53C99}"
EndProject
Global
	GlobalSection(SolutionConfigurationPlatforms) = preSolution
		Debug|Any CPU = Debug|Any CPU
		Release|Any CPU = Release|Any CPU
	EndGlobalSection
	GlobalSection(ProjectConfigurationPlatforms) = postSolution
		{39A8FCF0-E1DA-461C-8A64-FEB9EDE19502}.Debug|Any CPU.ActiveCfg = Debug|Any CPU
		{39A8FCF0-E1DA-461C-8A64-FEB9EDE19502}.Debug|Any CPU.Build.0 = Debug|Any CPU
		{39A8FCF0-E1DA-461C-8A64-FEB9EDE19502}.Release|Any CPU.ActiveCfg = Release|Any CPU
		{39A8FCF0-E1DA-461C-8A64-FEB9EDE19502}.Release|Any CPU.Build.0 = Release|Any CPU
		{A9B32763-CC24-4739-A866-760B641B55CB}.Debug|Any CPU.ActiveCfg = Debug|Any CPU
		{A9B32763-CC24-4739-A866-760B641B55CB}.Debug|Any CPU.Build.0 = Debug|Any CPU
		{A9B32763-CC24-4739-A866-760B641B55CB}.Release|Any CPU.ActiveCfg = Release|Any CPU
		{A9B32763-CC24-4739-A866-760B641B55CB}.Release|Any CPU.Build.0 = Release|Any CPU
		{863158AA-35BD-49CD-AF39-9C2A42DD776E}.Debug|Any CPU.ActiveCfg = Debug|Any CPU
		{863158AA-35BD-49CD-AF39-9C2A42DD776E}.Debug|Any CPU.Build.0 = Debug|Any CPU
		{863158AA-35BD-49CD-AF39-9C2A42DD776E}.Release|Any CPU.ActiveCfg = Release|Any CPU
		{863158AA-35BD-49CD-AF39-9C2A42DD776E}.Release|Any CPU.Build.0 = Release|Any CPU
		{74F14693-A8AD-4360-A678-007F9CDAC122}.Debug|Any CPU.ActiveCfg = Debug|Any CPU
		{74F14693-A8AD-4360-A678-007F9CDAC122}.Debug|Any CPU.Build.0 = Debug|Any CPU
		{74F14693-A8AD-4360-A678-007F9CDAC122}.Release|Any CPU.ActiveCfg = Release|Any CPU
		{74F14693-A8AD-4360-A678-007F9CDAC122}.Release|Any CPU.Build.0 = Release|Any CPU
		{DFBB4C4D-6B32-41BD-BCC5-BD4F2A4F8A5A}.Debug|Any CPU.ActiveCfg = Debug|Any CPU
		{DFBB4C4D-6B32-41BD-BCC5-BD4F2A4F8A5A}.Debug|Any CPU.Build.0 = Debug|Any CPU
		{DFBB4C4D-6B32-41BD-BCC5-BD4F2A4F8A5A}.Release|Any CPU.ActiveCfg = Release|Any CPU
		{DFBB4C4D-6B32-41BD-BCC5-BD4F2A4F8A5A}.Release|Any CPU.Build.0 = Release|Any CPU
		{2E08BF53-88CF-4537-AE38-E15A8F4AD610}.Debug|Any CPU.ActiveCfg = Debug|Any CPU
		{2E08BF53-88CF-4537-AE38-E15A8F4AD610}.Debug|Any CPU.Build.0 = Debug|Any CPU
		{2E08BF53-88CF-4537-AE38-E15A8F4AD610}.Release|Any CPU.ActiveCfg = Release|Any CPU
		{2E08BF53-88CF-4537-AE38-E15A8F4AD610}.Release|Any CPU.Build.0 = Release|Any CPU
		{DC51B6E2-66EC-44E8-8F9E-D4D4D8AC5DAA}.Debug|Any CPU.ActiveCfg = Debug|Any CPU
		{DC51B6E2-66EC-44E8-8F9E-D4D4D8AC5DAA}.Debug|Any CPU.Build.0 = Debug|Any CPU
		{DC51B6E2-66EC-44E8-8F9E-D4D4D8AC5DAA}.Release|Any CPU.ActiveCfg = Release|Any CPU
		{DC51B6E2-66EC-44E8-8F9E-D4D4D8AC5DAA}.Release|Any CPU.Build.0 = Release|Any CPU
		{BCA90365-4041-4D50-A890-2E94D9C6A617}.Debug|Any CPU.ActiveCfg = Debug|Any CPU
		{BCA90365-4041-4D50-A890-2E94D9C6A617}.Debug|Any CPU.Build.0 = Debug|Any CPU
		{BCA90365-4041-4D50-A890-2E94D9C6A617}.Release|Any CPU.ActiveCfg = Release|Any CPU
		{BCA90365-4041-4D50-A890-2E94D9C6A617}.Release|Any CPU.Build.0 = Release|Any CPU
		{B96472D4-F3CB-4E84-9EA9-25FA88996273}.Debug|Any CPU.ActiveCfg = Debug|Any CPU
		{B96472D4-F3CB-4E84-9EA9-25FA88996273}.Debug|Any CPU.Build.0 = Debug|Any CPU
		{B96472D4-F3CB-4E84-9EA9-25FA88996273}.Release|Any CPU.ActiveCfg = Release|Any CPU
		{B96472D4-F3CB-4E84-9EA9-25FA88996273}.Release|Any CPU.Build.0 = Release|Any CPU
		{CEC32913-E576-48D8-A7A5-E998ACD53C99}.Debug|Any CPU.ActiveCfg = Debug|Any CPU
		{CEC32913-E576-48D8-A7A5-E998ACD53C99}.Debug|Any CPU.Build.0 = Debug|Any CPU
		{CEC32913-E576-48D8-A7A5-E998ACD53C99}.Release|Any CPU.ActiveCfg = Release|Any CPU
		{CEC32913-E576-48D8-A7A5-E998ACD53C99}.Release|Any CPU.Build.0 = Release|Any CPU
	EndGlobalSection
	GlobalSection(SolutionProperties) = preSolution
		HideSolutionNode = FALSE
	EndGlobalSection
	GlobalSection(NestedProjects) = preSolution
		{863158AA-35BD-49CD-AF39-9C2A42DD776E} = {49A006E4-C202-4B35-B9B3-53235E1E0736}
		{2E08BF53-88CF-4537-AE38-E15A8F4AD610} = {49A006E4-C202-4B35-B9B3-53235E1E0736}
		{DC51B6E2-66EC-44E8-8F9E-D4D4D8AC5DAA} = {49A006E4-C202-4B35-B9B3-53235E1E0736}
		{BCA90365-4041-4D50-A890-2E94D9C6A617} = {49A006E4-C202-4B35-B9B3-53235E1E0736}
		{B96472D4-F3CB-4E84-9EA9-25FA88996273} = {49A006E4-C202-4B35-B9B3-53235E1E0736}
		{CEC32913-E576-48D8-A7A5-E998ACD53C99} = {49A006E4-C202-4B35-B9B3-53235E1E0736}
	EndGlobalSection
EndGlobal
